
Microsoft Visual Studio Solution File, Format Version 12.00
# Visual Studio Version 16
VisualStudioVersion = 16.0.29509.3
MinimumVisualStudioVersion = 10.0.40219.1
Project("{9A19103F-16F7-4668-BE54-9A1E7A4F7556}") = "calculoFrete-win-x64", "calculoFrete-win-x64\calculoFrete-win-x64.csproj", "{C9F7B6A1-96AC-4BB8-B740-88E93291DE47}"
EndProject
Project("{FAE04EC0-301F-11D3-BF4B-00C04F79EFBC}") = "calculoFreteAPI", "calculoFreteAPI\calculoFreteAPI.csproj", "{0E051EE6-938B-4DD0-BABE-CBCB50A69248}"
EndProject
Global
	GlobalSection(SolutionConfigurationPlatforms) = preSolution
		Debug|Any CPU = Debug|Any CPU
		Release|Any CPU = Release|Any CPU
	EndGlobalSection
	GlobalSection(ProjectConfigurationPlatforms) = postSolution
		{C9F7B6A1-96AC-4BB8-B740-88E93291DE47}.Debug|Any CPU.ActiveCfg = Debug|Any CPU
		{C9F7B6A1-96AC-4BB8-B740-88E93291DE47}.Debug|Any CPU.Build.0 = Debug|Any CPU
		{C9F7B6A1-96AC-4BB8-B740-88E93291DE47}.Release|Any CPU.ActiveCfg = Release|Any CPU
		{C9F7B6A1-96AC-4BB8-B740-88E93291DE47}.Release|Any CPU.Build.0 = Release|Any CPU
		{0E051EE6-938B-4DD0-BABE-CBCB50A69248}.Debug|Any CPU.ActiveCfg = Debug|Any CPU
		{0E051EE6-938B-4DD0-BABE-CBCB50A69248}.Debug|Any CPU.Build.0 = Debug|Any CPU
		{0E051EE6-938B-4DD0-BABE-CBCB50A69248}.Release|Any CPU.ActiveCfg = Release|Any CPU
		{0E051EE6-938B-4DD0-BABE-CBCB50A69248}.Release|Any CPU.Build.0 = Release|Any CPU
	EndGlobalSection
	GlobalSection(SolutionProperties) = preSolution
		HideSolutionNode = FALSE
	EndGlobalSection
	GlobalSection(ExtensibilityGlobals) = postSolution
		SolutionGuid = {57C93759-0E47-4530-ADB4-91522B7D0035}
	EndGlobalSection
EndGlobal
